
Microsoft Visual Studio Solution File, Format Version 12.00
# Visual Studio Version 16
VisualStudioVersion = 16.0.31205.134
MinimumVisualStudioVersion = 10.0.40219.1
Project("{9A19103F-16F7-4668-BE54-9A1E7A4F7556}") = "ShopBridgeApi", "ShopBridgeApi\ShopBridgeApi.csproj", "{EAE87309-9216-485B-A11C-D45EBBAF07C1}"
EndProject
Project("{FAE04EC0-301F-11D3-BF4B-00C04F79EFBC}") = "ShopBridgeTest", "ShopBridgeTest\ShopBridgeTest.csproj", "{1FCE8347-83A1-4835-AB47-B8A37159CB38}"
EndProject
Global
	GlobalSection(SolutionConfigurationPlatforms) = preSolution
		Debug|Any CPU = Debug|Any CPU
		Release|Any CPU = Release|Any CPU
	EndGlobalSection
	GlobalSection(ProjectConfigurationPlatforms) = postSolution
		{EAE87309-9216-485B-A11C-D45EBBAF07C1}.Debug|Any CPU.ActiveCfg = Debug|Any CPU
		{EAE87309-9216-485B-A11C-D45EBBAF07C1}.Debug|Any CPU.Build.0 = Debug|Any CPU
		{EAE87309-9216-485B-A11C-D45EBBAF07C1}.Release|Any CPU.ActiveCfg = Release|Any CPU
		{EAE87309-9216-485B-A11C-D45EBBAF07C1}.Release|Any CPU.Build.0 = Release|Any CPU
		{1FCE8347-83A1-4835-AB47-B8A37159CB38}.Debug|Any CPU.ActiveCfg = Debug|Any CPU
		{1FCE8347-83A1-4835-AB47-B8A37159CB38}.Debug|Any CPU.Build.0 = Debug|Any CPU
		{1FCE8347-83A1-4835-AB47-B8A37159CB38}.Release|Any CPU.ActiveCfg = Release|Any CPU
		{1FCE8347-83A1-4835-AB47-B8A37159CB38}.Release|Any CPU.Build.0 = Release|Any CPU
	EndGlobalSection
	GlobalSection(SolutionProperties) = preSolution
		HideSolutionNode = FALSE
	EndGlobalSection
	GlobalSection(ExtensibilityGlobals) = postSolution
		SolutionGuid = {E77FD73B-104E-4006-A1EC-AB5A1FD4DCC3}
	EndGlobalSection
EndGlobal
